
Microsoft Visual Studio Solution File, Format Version 12.00
# Visual Studio Version 17
VisualStudioVersion = 17.2.32526.322
MinimumVisualStudioVersion = 10.0.40219.1
Project("{FAE04EC0-301F-11D3-BF4B-00C04F79EFBC}") = "TareaCalculadora", "TareaCalculadora\TareaCalculadora.csproj", "{11F85D51-42FF-4EED-AC08-60CFB5AF8EBD}"
EndProject
Global
	GlobalSection(SolutionConfigurationPlatforms) = preSolution
		Debug|Any CPU = Debug|Any CPU
		Release|Any CPU = Release|Any CPU
	EndGlobalSection
	GlobalSection(ProjectConfigurationPlatforms) = postSolution
		{11F85D51-42FF-4EED-AC08-60CFB5AF8EBD}.Debug|Any CPU.ActiveCfg = Debug|Any CPU
		{11F85D51-42FF-4EED-AC08-60CFB5AF8EBD}.Debug|Any CPU.Build.0 = Debug|Any CPU
		{11F85D51-42FF-4EED-AC08-60CFB5AF8EBD}.Release|Any CPU.ActiveCfg = Release|Any CPU
		{11F85D51-42FF-4EED-AC08-60CFB5AF8EBD}.Release|Any CPU.Build.0 = Release|Any CPU
	EndGlobalSection
	GlobalSection(SolutionProperties) = preSolution
		HideSolutionNode = FALSE
	EndGlobalSection
	GlobalSection(ExtensibilityGlobals) = postSolution
		SolutionGuid = {85AED37F-5552-4BBF-9051-BBEE6DBD8452}
	EndGlobalSection
EndGlobal
